
Microsoft Visual Studio Solution File, Format Version 12.00
# Visual Studio Version 17
VisualStudioVersion = 17.9.34723.18
MinimumVisualStudioVersion = 10.0.40219.1
Project("{9A19103F-16F7-4668-BE54-9A1E7A4F7556}") = "SSLCertificateManagement", "SSLCertificateManagement.csproj", "{DB37C8CD-8BBC-4584-BC43-782F46C26EC8}"
EndProject
Project("{9A19103F-16F7-4668-BE54-9A1E7A4F7556}") = "SSLCertificatesBlazor", "..\SSLCertificatesBlazor\SSLCertificatesBlazor.csproj", "{C1751482-311A-4C54-8535-21F893369CF0}"
EndProject
Global
	GlobalSection(SolutionConfigurationPlatforms) = preSolution
		Debug|Any CPU = Debug|Any CPU
		Release|Any CPU = Release|Any CPU
	EndGlobalSection
	GlobalSection(ProjectConfigurationPlatforms) = postSolution
		{DB37C8CD-8BBC-4584-BC43-782F46C26EC8}.Debug|Any CPU.ActiveCfg = Debug|Any CPU
		{DB37C8CD-8BBC-4584-BC43-782F46C26EC8}.Debug|Any CPU.Build.0 = Debug|Any CPU
		{DB37C8CD-8BBC-4584-BC43-782F46C26EC8}.Release|Any CPU.ActiveCfg = Release|Any CPU
		{DB37C8CD-8BBC-4584-BC43-782F46C26EC8}.Release|Any CPU.Build.0 = Release|Any CPU
		{C1751482-311A-4C54-8535-21F893369CF0}.Debug|Any CPU.ActiveCfg = Debug|Any CPU
		{C1751482-311A-4C54-8535-21F893369CF0}.Debug|Any CPU.Build.0 = Debug|Any CPU
		{C1751482-311A-4C54-8535-21F893369CF0}.Release|Any CPU.ActiveCfg = Release|Any CPU
		{C1751482-311A-4C54-8535-21F893369CF0}.Release|Any CPU.Build.0 = Release|Any CPU
	EndGlobalSection
	GlobalSection(SolutionProperties) = preSolution
		HideSolutionNode = FALSE
	EndGlobalSection
	GlobalSection(ExtensibilityGlobals) = postSolution
		SolutionGuid = {82A50DB6-CF16-4507-9838-14CE00104687}
	EndGlobalSection
EndGlobal
